PODS:
  - croppy (0.0.1):
    - Flutter
  - Flutter (1.0.0)

DEPENDENCIES:
  - croppy (from `.symlinks/plugins/croppy/ios`)
  - Flutter (from `Flutter`)

EXTERNAL SOURCES:
  croppy:
    :path: ".symlinks/plugins/croppy/ios"
  Flutter:
    :path: Flutter

SPEC CHECKSUMS:
  croppy: b6199bc8d56bd2e03cc11609d1c47ad9875c1321
  Flutter: cabc95a1d2626b1b06e7179b784ebcf0c0cde467

PODFILE CHECKSUM: 4f1c12611da7338d21589c0b2ecd6bd20b109694

COCOAPODS: 1.16.2
