PODS:
  - croppy (0.0.1):
    - Flutter
  - Flutter (1.0.0)

DEPENDENCIES:
  - croppy (from `.symlinks/plugins/croppy/ios`)
  - Flutter (from `Flutter`)

EXTERNAL SOURCES:
  croppy:
    :path: ".symlinks/plugins/croppy/ios"
  Flutter:
    :path: Flutter

SPEC CHECKSUMS:
  croppy: b6199bc8d56bd2e03cc11609d1c47ad9875c1321
  Flutter: f04841e97a9d0b0a8025694d0796dd46242b2854

PODFILE CHECKSUM: 70d9d25280d0dd177a5f637cdb0f0b0b12c6a189

COCOAPODS: 1.12.1
